
Microsoft Visual Studio Solution File, Format Version 12.00
# Visual Studio Version 16
VisualStudioVersion = 16.0.29403.142
MinimumVisualStudioVersion = 10.0.40219.1
Project("{9A19103F-16F7-4668-BE54-9A1E7A4F7556}") = "kata_String_Calculator", "kata_String_Calculator\kata_String_Calculator.csproj", "{5B27E6E7-5894-40E8-B965-97E1BBF61C8C}"
EndProject
Project("{9A19103F-16F7-4668-BE54-9A1E7A4F7556}") = "test", "test\test.csproj", "{824666A6-3554-4814-ACAB-73680B8953BA}"
EndProject
Project("{9A19103F-16F7-4668-BE54-9A1E7A4F7556}") = "save", "Save\save.csproj", "{D1DE9BFE-7E70-426E-B7A4-201128B62E5A}"
EndProject
Project("{9A19103F-16F7-4668-BE54-9A1E7A4F7556}") = "monitor", "controlador\monitor.csproj", "{C5EAA92A-2195-4AEC-853B-0A927EE292D5}"
EndProject
Project("{FAE04EC0-301F-11D3-BF4B-00C04F79EFBC}") = "StringCalculatorAPI", "StringCalculatorAPI\StringCalculatorAPI.csproj", "{07C30650-5D1C-4C77-A178-0C3F927314B1}"
EndProject
Global
	GlobalSection(SolutionConfigurationPlatforms) = preSolution
		Debug|Any CPU = Debug|Any CPU
		Release|Any CPU = Release|Any CPU
	EndGlobalSection
	GlobalSection(ProjectConfigurationPlatforms) = postSolution
		{5B27E6E7-5894-40E8-B965-97E1BBF61C8C}.Debug|Any CPU.ActiveCfg = Debug|Any CPU
		{5B27E6E7-5894-40E8-B965-97E1BBF61C8C}.Debug|Any CPU.Build.0 = Debug|Any CPU
		{5B27E6E7-5894-40E8-B965-97E1BBF61C8C}.Release|Any CPU.ActiveCfg = Release|Any CPU
		{5B27E6E7-5894-40E8-B965-97E1BBF61C8C}.Release|Any CPU.Build.0 = Release|Any CPU
		{824666A6-3554-4814-ACAB-73680B8953BA}.Debug|Any CPU.ActiveCfg = Debug|Any CPU
		{824666A6-3554-4814-ACAB-73680B8953BA}.Debug|Any CPU.Build.0 = Debug|Any CPU
		{824666A6-3554-4814-ACAB-73680B8953BA}.Release|Any CPU.ActiveCfg = Release|Any CPU
		{824666A6-3554-4814-ACAB-73680B8953BA}.Release|Any CPU.Build.0 = Release|Any CPU
		{D1DE9BFE-7E70-426E-B7A4-201128B62E5A}.Debug|Any CPU.ActiveCfg = Debug|Any CPU
		{D1DE9BFE-7E70-426E-B7A4-201128B62E5A}.Debug|Any CPU.Build.0 = Debug|Any CPU
		{D1DE9BFE-7E70-426E-B7A4-201128B62E5A}.Release|Any CPU.ActiveCfg = Release|Any CPU
		{D1DE9BFE-7E70-426E-B7A4-201128B62E5A}.Release|Any CPU.Build.0 = Release|Any CPU
		{C5EAA92A-2195-4AEC-853B-0A927EE292D5}.Debug|Any CPU.ActiveCfg = Debug|Any CPU
		{C5EAA92A-2195-4AEC-853B-0A927EE292D5}.Debug|Any CPU.Build.0 = Debug|Any CPU
		{C5EAA92A-2195-4AEC-853B-0A927EE292D5}.Release|Any CPU.ActiveCfg = Release|Any CPU
		{C5EAA92A-2195-4AEC-853B-0A927EE292D5}.Release|Any CPU.Build.0 = Release|Any CPU
		{07C30650-5D1C-4C77-A178-0C3F927314B1}.Debug|Any CPU.ActiveCfg = Debug|Any CPU
		{07C30650-5D1C-4C77-A178-0C3F927314B1}.Debug|Any CPU.Build.0 = Debug|Any CPU
		{07C30650-5D1C-4C77-A178-0C3F927314B1}.Release|Any CPU.ActiveCfg = Release|Any CPU
		{07C30650-5D1C-4C77-A178-0C3F927314B1}.Release|Any CPU.Build.0 = Release|Any CPU
	EndGlobalSection
	GlobalSection(SolutionProperties) = preSolution
		HideSolutionNode = FALSE
	EndGlobalSection
	GlobalSection(ExtensibilityGlobals) = postSolution
		SolutionGuid = {14E9DFFC-A9B7-4E5C-ADC4-770024C44C9C}
	EndGlobalSection
EndGlobal
